{
  "requires": true,
  "lockfileVersion": 1,
  "dependencies": {
    "detect-it": {
      "version": "4.0.1",
      "resolved": "https://registry.npmjs.org/detect-it/-/detect-it-4.0.1.tgz",
      "integrity": "sha512-dg5YBTJYvogK1+dA2mBUDKzOWfYZtHVba89SyZUhc4+e3i2tzgjANFg5lDRCd3UOtRcw00vUTMK8LELcMdicug=="
    },
    "star-rating.js": {
      "version": "4.1.1",
      "resolved": "https://registry.npmjs.org/star-rating.js/-/star-rating.js-4.1.1.tgz",
      "integrity": "sha512-I2fRl7l9Et01gaVKe5196RCKI6HvmnOYGSRc7V5IesYWVyPVknoViUPcav6gnIJrEy7a20cUcE7+s/q0Rg4ujQ==",
      "requires": {
        "detect-it": "^4.0.0"
      }
    }
  }
}
